// !$*UTF8*$!
{
	archiveVersion = 1;
	classes = {
	};
	objectVersion = 46;
	objects = {

/* Begin PBXBuildFile section */
		2856C1AF1B2138D2006DAB8D /* main.m in Sources */ = {isa = PBXBuildFile; fileRef = 2856C1AE1B2138D2006DAB8D /* main.m */; };
		2856C1B21B2138D2006DAB8D /* AppDelegate.m in Sources */ = {isa = PBXBuildFile; fileRef = 2856C1B11B2138D2006DAB8D /* AppDelegate.m */; };
		2856C1B51B2138D2006DAB8D /* ViewController.m in Sources */ = {isa = PBXBuildFile; fileRef = 2856C1B41B2138D2006DAB8D /* ViewController.m */; };
		2856C1B81B2138D2006DAB8D /* Main.storyboard in Resources */ = {isa = PBXBuildFile; fileRef = 2856C1B61B2138D2006DAB8D /* Main.storyboard */; };
		2856C1BA1B2138D2006DAB8D /* Images.xcassets in Resources */ = {isa = PBXBuildFile; fileRef = 2856C1B91B2138D2006DAB8D /* Images.xcassets */; };
		2856C1BD1B2138D2006DAB8D /* LaunchScreen.xib in Resources */ = {isa = PBXBuildFile; fileRef = 2856C1BB1B2138D2006DAB8D /* LaunchScreen.xib */; };
		2856C1C91B2138D2006DAB8D /* ViewLifeCycleTests.m in Sources */ = {isa = PBXBuildFile; fileRef = 2856C1C81B2138D2006DAB8D /* ViewLifeCycleTests.m */; };
/* End PBXBuildFile section */

/* Begin PBXContainerItemProxy section */
		2856C1C31B2138D2006DAB8D /* PBXContainerItemProxy */ = {
			isa = PBXContainerItemProxy;
			containerPortal = 2856C1A11B2138D2006DAB8D /* Project object */;
			proxyType = 1;
			remoteGlobalIDString = 2856C1A81B2138D2006DAB8D;
			remoteInfo = ViewLifeCycle;
		};
/* End PBXContainerItemProxy section */

/* Begin PBXFileReference section */
		2856C1A91B2138D2006DAB8D /* ViewLifeCycle.app */ = {isa = PBXFileReference; explicitFileType = wrapper.application; includeInIndex = 0; path = ViewLifeCycle.app; sourceTree = BUILT_PRODUCTS_DIR; };
		2856C1AD1B2138D2006DAB8D /* Info.plist */ = {isa = PBXFileReference; lastKnownFileType = text.plist.xml; path = Info.plist; sourceTree = "<group>"; };
		2856C1AE1B2138D2006DAB8D /* main.m */ = {isa = PBXFileReference; lastKnownFileType = sourcecode.c.objc; path = main.m; sourceTree = "<group>"; };
		2856C1B01B2138D2006DAB8D /* AppDelegate.h */ = {isa = PBXFileReference; lastKnownFileType = sourcecode.c.h; path = AppDelegate.h; sourceTree = "<group>"; };
		2856C1B11B2138D2006DAB8D /* AppDelegate.m */ = {isa = PBXFileReference; lastKnownFileType = sourcecode.c.objc; path = AppDelegate.m; sourceTree = "<group>"; };
		2856C1B31B2138D2006DAB8D /* ViewController.h */ = {isa = PBXFileReference; lastKnownFileType = sourcecode.c.h; path = ViewController.h; sourceTree = "<group>"; };
		2856C1B41B2138D2006DAB8D /* ViewController.m */ = {isa = PBXFileReference; lastKnownFileType = sourcecode.c.objc; path = ViewController.m; sourceTree = "<group>"; };
		2856C1B71B2138D2006DAB8D /* Base */ = {isa = PBXFileReference; lastKnownFileType = file.storyboard; name = Base; path = Base.lproj/Main.storyboard; sourceTree = "<group>"; };
		2856C1B91B2138D2006DAB8D /* Images.xcassets */ = {isa = PBXFileReference; lastKnownFileType = folder.assetcatalog; path = Images.xcassets; sourceTree = "<group>"; };
		2856C1BC1B2138D2006DAB8D /* Base */ = {isa = PBXFileReference; lastKnownFileType = file.xib; name = Base; path = Base.lproj/LaunchScreen.xib; sourceTree = "<group>"; };
		2856C1C21B2138D2006DAB8D /* ViewLifeCycleTests.xctest */ = {isa = PBXFileReference; explicitFileType = wrapper.cfbundle; includeInIndex = 0; path = ViewLifeCycleTests.xctest; sourceTree = BUILT_PRODUCTS_DIR; };
		2856C1C71B2138D2006DAB8D /* Info.plist */ = {isa = PBXFileReference; lastKnownFileType = text.plist.xml; path = Info.plist; sourceTree = "<group>"; };
		2856C1C81B2138D2006DAB8D /* ViewLifeCycleTests.m */ = {isa = PBXFileReference; lastKnownFileType = sourcecode.c.objc; path = ViewLifeCycleTests.m; sourceTree = "<group>"; };
/* End PBXFileReference section */

/* Begin PBXFrameworksBuildPhase section */
		2856C1A61B2138D2006DAB8D /* Frameworks */ = {
			isa = PBXFrameworksBuildPhase;
			buildActionMask = 2147483647;
			files = (
			);
			runOnlyForDeploymentPostprocessing = 0;
		};
		2856C1BF1B2138D2006DAB8D /* Frameworks */ = {
			isa = PBXFrameworksBuildPhase;
			buildActionMask = 2147483647;
			files = (
			);
			runOnlyForDeploymentPostprocessing = 0;
		};
/* End PBXFrameworksBuildPhase section */

/* Begin PBXGroup section */
		2856C1A01B2138D2006DAB8D = {
			isa = PBXGroup;
			children = (
				2856C1AB1B2138D2006DAB8D /* ViewLifeCycle */,
				2856C1C51B2138D2006DAB8D /* ViewLifeCycleTests */,
				2856C1AA1B2138D2006DAB8D /* Products */,
			);
			sourceTree = "<group>";
		};
		2856C1AA1B2138D2006DAB8D /* Products */ = {
			isa = PBXGroup;
			children = (
				2856C1A91B2138D2006DAB8D /* ViewLifeCycle.app */,
				2856C1C21B2138D2006DAB8D /* ViewLifeCycleTests.xctest */,
			);
			name = Products;
			sourceTree = "<group>";
		};
		2856C1AB1B2138D2006DAB8D /* ViewLifeCycle */ = {
			isa = PBXGroup;
			children = (
				2856C1B01B2138D2006DAB8D /* AppDelegate.h */,
				2856C1B11B2138D2006DAB8D /* AppDelegate.m */,
				2856C1B31B2138D2006DAB8D /* ViewController.h */,
				2856C1B41B2138D2006DAB8D /* ViewController.m */,
				2856C1B61B2138D2006DAB8D /* Main.storyboard */,
				2856C1B91B2138D2006DAB8D /* Images.xcassets */,
				2856C1BB1B2138D2006DAB8D /* LaunchScreen.xib */,
				2856C1AC1B2138D2006DAB8D /* Supporting Files */,
			);
			path = ViewLifeCycle;
			sourceTree = "<group>";
		};
		2856C1AC1B2138D2006DAB8D /* Supporting Files */ = {
			isa = PBXGroup;
			children = (
				2856C1AD1B2138D2006DAB8D /* Info.plist */,
				2856C1AE1B2138D2006DAB8D /* main.m */,
			);
			name = "Supporting Files";
			sourceTree = "<group>";
		};
		2856C1C51B2138D2006DAB8D /* ViewLifeCycleTests */ = {
			isa = PBXGroup;
			children = (
				2856C1C81B2138D2006DAB8D /* ViewLifeCycleTests.m */,
				2856C1C61B2138D2006DAB8D /* Supporting Files */,
			);
			path = ViewLifeCycleTests;
			sourceTree = "<group>";
		};
		2856C1C61B2138D2006DAB8D /* Supporting Files */ = {
			isa = PBXGroup;
			children = (
				2856C1C71B2138D2006DAB8D /* Info.plist */,
			);
			name = "Supporting Files";
			sourceTree = "<group>";
		};
/* End PBXGroup section */

/* Begin PBXNativeTarget section */
		2856C1A81B2138D2006DAB8D /* ViewLifeCycle */ = {
			isa = PBXNativeTarget;
			buildConfigurationList = 2856C1CC1B2138D2006DAB8D /* Build configuration list for PBXNativeTarget "ViewLifeCycle" */;
			buildPhases = (
				2856C1A51B2138D2006DAB8D /* Sources */,
				2856C1A61B2138D2006DAB8D /* Frameworks */,
				2856C1A71B2138D2006DAB8D /* Resources */,
			);
			buildRules = (
			);
			dependencies = (
			);
			name = ViewLifeCycle;
			productName = ViewLifeCycle;
			productReference = 2856C1A91B2138D2006DAB8D /* ViewLifeCycle.app */;
			productType = "com.apple.product-type.application";
		};
		2856C1C11B2138D2006DAB8D /* ViewLifeCycleTests */ = {
			isa = PBXNativeTarget;
			buildConfigurationList = 2856C1CF1B2138D2006DAB8D /* Build configuration list for PBXNativeTarget "ViewLifeCycleTests" */;
			buildPhases = (
				2856C1BE1B2138D2006DAB8D /* Sources */,
				2856C1BF1B2138D2006DAB8D /* Frameworks */,
				2856C1C01B2138D2006DAB8D /* Resources */,
			);
			buildRules = (
			);
			dependencies = (
				2856C1C41B2138D2006DAB8D /* PBXTargetDependency */,
			);
			name = ViewLifeCycleTests;
			productName = ViewLifeCycleTests;
			productReference = 2856C1C21B2138D2006DAB8D /* ViewLifeCycleTests.xctest */;
			productType = "com.apple.product-type.bundle.unit-test";
		};
/* End PBXNativeTarget section */

/* Begin PBXProject section */
		2856C1A11B2138D2006DAB8D /* Project object */ = {
			isa = PBXProject;
			attributes = {
				LastUpgradeCheck = 0630;
				ORGANIZATIONNAME = Prevideo;
				TargetAttributes = {
					2856C1A81B2138D2006DAB8D = {
						CreatedOnToolsVersion = 6.3.2;
					};
					2856C1C11B2138D2006DAB8D = {
						CreatedOnToolsVersion = 6.3.2;
						TestTargetID = 2856C1A81B2138D2006DAB8D;
					};
				};
			};
			buildConfigurationList = 2856C1A41B2138D2006DAB8D /* Build configuration list for PBXProject "ViewLifeCycle" */;
			compatibilityVersion = "Xcode 3.2";
			developmentRegion = English;
			hasScannedForEncodings = 0;
			knownRegions = (
				en,
				Base,
			);
			mainGroup = 2856C1A01B2138D2006DAB8D;
			productRefGroup = 2856C1AA1B2138D2006DAB8D /* Products */;
			projectDirPath = "";
			projectRoot = "";
			targets = (
				2856C1A81B2138D2006DAB8D /* ViewLifeCycle */,
				2856C1C11B2138D2006DAB8D /* ViewLifeCycleTests */,
			);
		};
/* End PBXProject section */

/* Begin PBXResourcesBuildPhase section */
		2856C1A71B2138D2006DAB8D /* Resources */ = {
			isa = PBXResourcesBuildPhase;
			buildActionMask = 2147483647;
			files = (
				2856C1B81B2138D2006DAB8D /* Main.storyboard in Resources */,
				2856C1BD1B2138D2006DAB8D /* LaunchScreen.xib in Resources */,
				2856C1BA1B2138D2006DAB8D /* Images.xcassets in Resources */,
			);
			runOnlyForDeploymentPostprocessing = 0;
		};
		2856C1C01B2138D2006DAB8D /* Resources */ = {
			isa = PBXResourcesBuildPhase;
			buildActionMask = 2147483647;
			files = (
			);
			runOnlyForDeploymentPostprocessing = 0;
		};
/* End PBXResourcesBuildPhase section */

/* Begin PBXSourcesBuildPhase section */
		2856C1A51B2138D2006DAB8D /* Sources */ = {
			isa = PBXSourcesBuildPhase;
			buildActionMask = 2147483647;
			files = (
				2856C1B51B2138D2006DAB8D /* ViewController.m in Sources */,
				2856C1B21B2138D2006DAB8D /* AppDelegate.m in Sources */,
				2856C1AF1B2138D2006DAB8D /* main.m in Sources */,
			);
			runOnlyForDeploymentPostprocessing = 0;
		};
		2856C1BE1B2138D2006DAB8D /* Sources */ = {
			isa = PBXSourcesBuildPhase;
			buildActionMask = 2147483647;
			files = (
				2856C1C91B2138D2006DAB8D /* ViewLifeCycleTests.m in Sources */,
			);
			runOnlyForDeploymentPostprocessing = 0;
		};
/* End PBXSourcesBuildPhase section */

/* Begin PBXTargetDependency section */
		2856C1C41B2138D2006DAB8D /* PBXTargetDependency */ = {
			isa = PBXTargetDependency;
			target = 2856C1A81B2138D2006DAB8D /* ViewLifeCycle */;
			targetProxy = 2856C1C31B2138D2006DAB8D /* PBXContainerItemProxy */;
		};
/* End PBXTargetDependency section */

/* Begin PBXVariantGroup section */
		2856C1B61B2138D2006DAB8D /* Main.storyboard */ = {
			isa = PBXVariantGroup;
			children = (
				2856C1B71B2138D2006DAB8D /* Base */,
			);
			name = Main.storyboard;
			sourceTree = "<group>";
		};
		2856C1BB1B2138D2006DAB8D /* LaunchScreen.xib */ = {
			isa = PBXVariantGroup;
			children = (
				2856C1BC1B2138D2006DAB8D /* Base */,
			);
			name = LaunchScreen.xib;
			sourceTree = "<group>";
		};
/* End PBXVariantGroup section */

/* Begin XCBuildConfiguration section */
		2856C1CA1B2138D2006DAB8D /* Debug */ = {
			isa = XCBuildConfiguration;
			buildSettings = {
				ALWAYS_SEARCH_USER_PATHS = NO;
				CLANG_CXX_LANGUAGE_STANDARD = "gnu++0x";
				CLANG_CXX_LIBRARY = "libc++";
				CLANG_ENABLE_MODULES = YES;
				CLANG_ENABLE_OBJC_ARC = YES;
				CLANG_WARN_BOOL_CONVERSION = YES;
				CLANG_WARN_CONSTANT_CONVERSION = YES;
				CLANG_WARN_DIRECT_OBJC_ISA_USAGE = YES_ERROR;
				CLANG_WARN_EMPTY_BODY = YES;
				CLANG_WARN_ENUM_CONVERSION = YES;
				CLANG_WARN_INT_CONVERSION = YES;
				CLANG_WARN_OBJC_ROOT_CLASS = YES_ERROR;
				CLANG_WARN_UNREACHABLE_CODE = YES;
				CLANG_WARN__DUPLICATE_METHOD_MATCH = YES;
				"CODE_SIGN_IDENTITY[sdk=iphoneos*]" = "iPhone Developer";
				COPY_PHASE_STRIP = NO;
				DEBUG_INFORMATION_FORMAT = "dwarf-with-dsym";
				ENABLE_STRICT_OBJC_MSGSEND = YES;
				GCC_C_LANGUAGE_STANDARD = gnu99;
				GCC_DYNAMIC_NO_PIC = NO;
				GCC_NO_COMMON_BLOCKS = YES;
				GCC_OPTIMIZATION_LEVEL = 0;
				GCC_PREPROCESSOR_DEFINITIONS = (
					"DEBUG=1",
					"$(inherited)",
				);
				GCC_SYMBOLS_PRIVATE_EXTERN = NO;
				GCC_WARN_64_TO_32_BIT_CONVERSION = YES;
				GCC_WARN_ABOUT_RETURN_TYPE = YES_ERROR;
				GCC_WARN_UNDECLARED_SELECTOR = YES;
				GCC_WARN_UNINITIALIZED_AUTOS = YES_AGGRESSIVE;
				GCC_WARN_UNUSED_FUNCTION = YES;
				GCC_WARN_UNUSED_VARIABLE = YES;
				IPHONEOS_DEPLOYMENT_TARGET = 8.3;
				MTL_ENABLE_DEBUG_INFO = YES;
				ONLY_ACTIVE_ARCH = YES;
				SDKROOT = iphoneos;
				TARGETED_DEVICE_FAMILY = "1,2";
			};
			name = Debug;
		};
		2856C1CB1B2138D2006DAB8D /* Release */ = {
			isa = XCBuildConfiguration;
			buildSettings = {
				ALWAYS_SEARCH_USER_PATHS = NO;
				CLANG_CXX_LANGUAGE_STANDARD = "gnu++0x";
				CLANG_CXX_LIBRARY = "libc++";
				CLANG_ENABLE_MODULES = YES;
				CLANG_ENABLE_OBJC_ARC = YES;
				CLANG_WARN_BOOL_CONVERSION = YES;
				CLANG_WARN_CONSTANT_CONVERSION = YES;
				CLANG_WARN_DIRECT_OBJC_ISA_USAGE = YES_ERROR;
				CLANG_WARN_EMPTY_BODY = YES;
				CLANG_WARN_ENUM_CONVERSION = YES;
				CLANG_WARN_INT_CONVERSION = YES;
				CLANG_WARN_OBJC_ROOT_CLASS = YES_ERROR;
				CLANG_WARN_UNREACHABLE_CODE = YES;
				CLANG_WARN__DUPLICATE_METHOD_MATCH = YES;
				"CODE_SIGN_IDENTITY[sdk=iphoneos*]" = "iPhone Developer";
				COPY_PHASE_STRIP = NO;
				DEBUG_INFORMATION_FORMAT = "dwarf-with-dsym";
				ENABLE_NS_ASSERTIONS = NO;
				ENABLE_STRICT_OBJC_MSGSEND = YES;
				GCC_C_LANGUAGE_STANDARD = gnu99;
				GCC_NO_COMMON_BLOCKS = YES;
				GCC_WARN_64_TO_32_BIT_CONVERSION = YES;
				GCC_WARN_ABOUT_RETURN_TYPE = YES_ERROR;
				GCC_WARN_UNDECLARED_SELECTOR = YES;
				GCC_WARN_UNINITIALIZED_AUTOS = YES_AGGRESSIVE;
				GCC_WARN_UNUSED_FUNCTION = YES;
				GCC_WARN_UNUSED_VARIABLE = YES;
				IPHONEOS_DEPLOYMENT_TARGET = 8.3;
				MTL_ENABLE_DEBUG_INFO = NO;
				SDKROOT = iphoneos;
				TARGETED_DEVICE_FAMILY = "1,2";
				VALIDATE_PRODUCT = YES;
			};
			name = Release;
		};
		2856C1CD1B2138D2006DAB8D /* Debug */ = {
			isa = XCBuildConfiguration;
			buildSettings = {
				ASSETCATALOG_COMPILER_APPICON_NAME = AppIcon;
				INFOPLIST_FILE = ViewLifeCycle/Info.plist;
				LD_RUNPATH_SEARCH_PATHS = "$(inherited) @executable_path/Frameworks";
				PRODUCT_NAME = "$(TARGET_NAME)";
			};
			name = Debug;
		};
		2856C1CE1B2138D2006DAB8D /* Release */ = {
			isa = XCBuildConfiguration;
			buildSettings = {
				ASSETCATALOG_COMPILER_APPICON_NAME = AppIcon;
				INFOPLIST_FILE = ViewLifeCycle/Info.plist;
				LD_RUNPATH_SEARCH_PATHS = "$(inherited) @executable_path/Frameworks";
				PRODUCT_NAME = "$(TARGET_NAME)";
			};
			name = Release;
		};
		2856C1D01B2138D2006DAB8D /* Debug */ = {
			isa = XCBuildConfiguration;
			buildSettings = {
				BUNDLE_LOADER = "$(TEST_HOST)";
				FRAMEWORK_SEARCH_PATHS = (
					"$(SDKROOT)/Developer/Library/Frameworks",
					"$(inherited)",
				);
				GCC_PREPROCESSOR_DEFINITIONS = (
					"DEBUG=1",
					"$(inherited)",
				);
				INFOPLIST_FILE = ViewLifeCycleTests/Info.plist;
				LD_RUNPATH_SEARCH_PATHS = "$(inherited) @executable_path/Frameworks @loader_path/Frameworks";
				PRODUCT_NAME = "$(TARGET_NAME)";
				TEST_HOST = "$(BUILT_PRODUCTS_DIR)/ViewLifeCycle.app/ViewLifeCycle";
			};
			name = Debug;
		};
		2856C1D11B2138D2006DAB8D /* Release */ = {
			isa = XCBuildConfiguration;
			buildSettings = {
				BUNDLE_LOADER = "$(TEST_HOST)";
				FRAMEWORK_SEARCH_PATHS = (
					"$(SDKROOT)/Developer/Library/Frameworks",
					"$(inherited)",
				);
				INFOPLIST_FILE = ViewLifeCycleTests/Info.plist;
				LD_RUNPATH_SEARCH_PATHS = "$(inherited) @executable_path/Frameworks @loader_path/Frameworks";
				PRODUCT_NAME = "$(TARGET_NAME)";
				TEST_HOST = "$(BUILT_PRODUCTS_DIR)/ViewLifeCycle.app/ViewLifeCycle";
			};
			name = Release;
		};
/* End XCBuildConfiguration section */

/* Begin XCConfigurationList section */
		2856C1A41B2138D2006DAB8D /* Build configuration list for PBXProject "ViewLifeCycle" */ = {
			isa = XCConfigurationList;
			buildConfigurations = (
				2856C1CA1B2138D2006DAB8D /* Debug */,
				2856C1CB1B2138D2006DAB8D /* Release */,
			);
			defaultConfigurationIsVisible = 0;
			defaultConfigurationName = Release;
		};
		2856C1CC1B2138D2006DAB8D /* Build configuration list for PBXNativeTarget "ViewLifeCycle" */ = {
			isa = XCConfigurationList;
			buildConfigurations = (
				2856C1CD1B2138D2006DAB8D /* Debug */,
				2856C1CE1B2138D2006DAB8D /* Release */,
			);
			defaultConfigurationIsVisible = 0;
		};
		2856C1CF1B2138D2006DAB8D /* Build configuration list for PBXNativeTarget "ViewLifeCycleTests" */ = {
			isa = XCConfigurationList;
			buildConfigurations = (
				2856C1D01B2138D2006DAB8D /* Debug */,
				2856C1D11B2138D2006DAB8D /* Release */,
			);
			defaultConfigurationIsVisible = 0;
		};
/* End XCConfigurationList section */
	};
	rootObject = 2856C1A11B2138D2006DAB8D /* Project object */;
}
